
Microsoft Visual Studio Solution File, Format Version 12.00
# Visual Studio Version 16
VisualStudioVersion = 16.0.31613.86
MinimumVisualStudioVersion = 10.0.40219.1
Project("{FAE04EC0-301F-11D3-BF4B-00C04F79EFBC}") = "Showcase.UWP", "Showcase\Showcase.UWP\Showcase.UWP.csproj", "{743716D8-B70A-4466-94AC-96BE1F4F479B}"
EndProject
Project("{FAE04EC0-301F-11D3-BF4B-00C04F79EFBC}") = "Showcase.Android", "Showcase\Showcase.Android\Showcase.Android.csproj", "{7DFF461C-5C09-4AEB-8CCB-6F17F09675C8}"
EndProject
Project("{FAE04EC0-301F-11D3-BF4B-00C04F79EFBC}") = "Showcase.iOS", "Showcase\Showcase.iOS\Showcase.iOS.csproj", "{27F8E3A0-D4D0-4952-AA24-0DE066CF8744}"
EndProject
Project("{FAE04EC0-301F-11D3-BF4B-00C04F79EFBC}") = "Showcase", "Showcase\Showcase\Showcase.csproj", "{C68F94AE-6306-4A6A-B82F-B3265BD24AC7}"
EndProject
Global
	GlobalSection(SolutionConfigurationPlatforms) = preSolution
		Debug|Any CPU = Debug|Any CPU
		Debug|ARM = Debug|ARM
		Debug|iPhone = Debug|iPhone
		Debug|iPhoneSimulator = Debug|iPhoneSimulator
		Debug|x64 = Debug|x64
		Debug|x86 = Debug|x86
		Release|Any CPU = Release|Any CPU
		Release|ARM = Release|ARM
		Release|iPhone = Release|iPhone
		Release|iPhoneSimulator = Release|iPhoneSimulator
		Release|x64 = Release|x64
		Release|x86 = Release|x86
	EndGlobalSection
	GlobalSection(ProjectConfigurationPlatforms) = postSolution
		{743716D8-B70A-4466-94AC-96BE1F4F479B}.Debug|Any CPU.ActiveCfg = Debug|x86
		{743716D8-B70A-4466-94AC-96BE1F4F479B}.Debug|Any CPU.Build.0 = Debug|x86
		{743716D8-B70A-4466-94AC-96BE1F4F479B}.Debug|Any CPU.Deploy.0 = Debug|x86
		{743716D8-B70A-4466-94AC-96BE1F4F479B}.Debug|ARM.ActiveCfg = Debug|ARM
		{743716D8-B70A-4466-94AC-96BE1F4F479B}.Debug|ARM.Build.0 = Debug|ARM
		{743716D8-B70A-4466-94AC-96BE1F4F479B}.Debug|ARM.Deploy.0 = Debug|ARM
		{743716D8-B70A-4466-94AC-96BE1F4F479B}.Debug|iPhone.ActiveCfg = Debug|x86
		{743716D8-B70A-4466-94AC-96BE1F4F479B}.Debug|iPhone.Build.0 = Debug|x86
		{743716D8-B70A-4466-94AC-96BE1F4F479B}.Debug|iPhone.Deploy.0 = Debug|x86
		{743716D8-B70A-4466-94AC-96BE1F4F479B}.Debug|iPhoneSimulator.ActiveCfg = Debug|x86
		{743716D8-B70A-4466-94AC-96BE1F4F479B}.Debug|iPhoneSimulator.Build.0 = Debug|x86
		{743716D8-B70A-4466-94AC-96BE1F4F479B}.Debug|iPhoneSimulator.Deploy.0 = Debug|x86
		{743716D8-B70A-4466-94AC-96BE1F4F479B}.Debug|x64.ActiveCfg = Debug|x64
		{743716D8-B70A-4466-94AC-96BE1F4F479B}.Debug|x64.Build.0 = Debug|x64
		{743716D8-B70A-4466-94AC-96BE1F4F479B}.Debug|x64.Deploy.0 = Debug|x64
		{743716D8-B70A-4466-94AC-96BE1F4F479B}.Debug|x86.ActiveCfg = Debug|x86
		{743716D8-B70A-4466-94AC-96BE1F4F479B}.Debug|x86.Build.0 = Debug|x86
		{743716D8-B70A-4466-94AC-96BE1F4F479B}.Debug|x86.Deploy.0 = Debug|x86
		{743716D8-B70A-4466-94AC-96BE1F4F479B}.Release|Any CPU.ActiveCfg = Release|x86
		{743716D8-B70A-4466-94AC-96BE1F4F479B}.Release|Any CPU.Build.0 = Release|x86
		{743716D8-B70A-4466-94AC-96BE1F4F479B}.Release|Any CPU.Deploy.0 = Release|x86
		{743716D8-B70A-4466-94AC-96BE1F4F479B}.Release|ARM.ActiveCfg = Release|ARM
		{743716D8-B70A-4466-94AC-96BE1F4F479B}.Release|ARM.Build.0 = Release|ARM
		{743716D8-B70A-4466-94AC-96BE1F4F479B}.Release|ARM.Deploy.0 = Release|ARM
		{743716D8-B70A-4466-94AC-96BE1F4F479B}.Release|iPhone.ActiveCfg = Release|x86
		{743716D8-B70A-4466-94AC-96BE1F4F479B}.Release|iPhone.Build.0 = Release|x86
		{743716D8-B70A-4466-94AC-96BE1F4F479B}.Release|iPhone.Deploy.0 = Release|x86
		{743716D8-B70A-4466-94AC-96BE1F4F479B}.Release|iPhoneSimulator.ActiveCfg = Release|x86
		{743716D8-B70A-4466-94AC-96BE1F4F479B}.Release|iPhoneSimulator.Build.0 = Release|x86
		{743716D8-B70A-4466-94AC-96BE1F4F479B}.Release|iPhoneSimulator.Deploy.0 = Release|x86
		{743716D8-B70A-4466-94AC-96BE1F4F479B}.Release|x64.ActiveCfg = Release|x64
		{743716D8-B70A-4466-94AC-96BE1F4F479B}.Release|x64.Build.0 = Release|x64
		{743716D8-B70A-4466-94AC-96BE1F4F479B}.Release|x64.Deploy.0 = Release|x64
		{743716D8-B70A-4466-94AC-96BE1F4F479B}.Release|x86.ActiveCfg = Release|x86
		{743716D8-B70A-4466-94AC-96BE1F4F479B}.Release|x86.Build.0 = Release|x86
		{743716D8-B70A-4466-94AC-96BE1F4F479B}.Release|x86.Deploy.0 = Release|x86
		{7DFF461C-5C09-4AEB-8CCB-6F17F09675C8}.Debug|Any CPU.ActiveCfg = Debug|Any CPU
		{7DFF461C-5C09-4AEB-8CCB-6F17F09675C8}.Debug|Any CPU.Build.0 = Debug|Any CPU
		{7DFF461C-5C09-4AEB-8CCB-6F17F09675C8}.Debug|Any CPU.Deploy.0 = Debug|Any CPU
		{7DFF461C-5C09-4AEB-8CCB-6F17F09675C8}.Debug|ARM.ActiveCfg = Debug|Any CPU
		{7DFF461C-5C09-4AEB-8CCB-6F17F09675C8}.Debug|ARM.Build.0 = Debug|Any CPU
		{7DFF461C-5C09-4AEB-8CCB-6F17F09675C8}.Debug|ARM.Deploy.0 = Debug|Any CPU
		{7DFF461C-5C09-4AEB-8CCB-6F17F09675C8}.Debug|iPhone.ActiveCfg = Debug|Any CPU
		{7DFF461C-5C09-4AEB-8CCB-6F17F09675C8}.Debug|iPhone.Build.0 = Debug|Any CPU
		{7DFF461C-5C09-4AEB-8CCB-6F17F09675C8}.Debug|iPhone.Deploy.0 = Debug|Any CPU
		{7DFF461C-5C09-4AEB-8CCB-6F17F09675C8}.Debug|iPhoneSimulator.ActiveCfg = Debug|Any CPU
		{7DFF461C-5C09-4AEB-8CCB-6F17F09675C8}.Debug|iPhoneSimulator.Build.0 = Debug|Any CPU
		{7DFF461C-5C09-4AEB-8CCB-6F17F09675C8}.Debug|iPhoneSimulator.Deploy.0 = Debug|Any CPU
		{7DFF461C-5C09-4AEB-8CCB-6F17F09675C8}.Debug|x64.ActiveCfg = Debug|Any CPU
		{7DFF461C-5C09-4AEB-8CCB-6F17F09675C8}.Debug|x64.Build.0 = Debug|Any CPU
		{7DFF461C-5C09-4AEB-8CCB-6F17F09675C8}.Debug|x64.Deploy.0 = Debug|Any CPU
		{7DFF461C-5C09-4AEB-8CCB-6F17F09675C8}.Debug|x86.ActiveCfg = Debug|Any CPU
		{7DFF461C-5C09-4AEB-8CCB-6F17F09675C8}.Debug|x86.Build.0 = Debug|Any CPU
		{7DFF461C-5C09-4AEB-8CCB-6F17F09675C8}.Debug|x86.Deploy.0 = Debug|Any CPU
		{7DFF461C-5C09-4AEB-8CCB-6F17F09675C8}.Release|Any CPU.ActiveCfg = Release|Any CPU
		{7DFF461C-5C09-4AEB-8CCB-6F17F09675C8}.Release|Any CPU.Build.0 = Release|Any CPU
		{7DFF461C-5C09-4AEB-8CCB-6F17F09675C8}.Release|Any CPU.Deploy.0 = Release|Any CPU
		{7DFF461C-5C09-4AEB-8CCB-6F17F09675C8}.Release|ARM.ActiveCfg = Release|Any CPU
		{7DFF461C-5C09-4AEB-8CCB-6F17F09675C8}.Release|ARM.Build.0 = Release|Any CPU
		{7DFF461C-5C09-4AEB-8CCB-6F17F09675C8}.Release|ARM.Deploy.0 = Release|Any CPU
		{7DFF461C-5C09-4AEB-8CCB-6F17F09675C8}.Release|iPhone.ActiveCfg = Release|Any CPU
		{7DFF461C-5C09-4AEB-8CCB-6F17F09675C8}.Release|iPhone.Build.0 = Release|Any CPU
		{7DFF461C-5C09-4AEB-8CCB-6F17F09675C8}.Release|iPhone.Deploy.0 = Release|Any CPU
		{7DFF461C-5C09-4AEB-8CCB-6F17F09675C8}.Release|iPhoneSimulator.ActiveCfg = Release|Any CPU
		{7DFF461C-5C09-4AEB-8CCB-6F17F09675C8}.Release|iPhoneSimulator.Build.0 = Release|Any CPU
		{7DFF461C-5C09-4AEB-8CCB-6F17F09675C8}.Release|iPhoneSimulator.Deploy.0 = Release|Any CPU
		{7DFF461C-5C09-4AEB-8CCB-6F17F09675C8}.Release|x64.ActiveCfg = Release|Any CPU
		{7DFF461C-5C09-4AEB-8CCB-6F17F09675C8}.Release|x64.Build.0 = Release|Any CPU
		{7DFF461C-5C09-4AEB-8CCB-6F17F09675C8}.Release|x64.Deploy.0 = Release|Any CPU
		{7DFF461C-5C09-4AEB-8CCB-6F17F09675C8}.Release|x86.ActiveCfg = Release|Any CPU
		{7DFF461C-5C09-4AEB-8CCB-6F17F09675C8}.Release|x86.Build.0 = Release|Any CPU
		{7DFF461C-5C09-4AEB-8CCB-6F17F09675C8}.Release|x86.Deploy.0 = Release|Any CPU
		{27F8E3A0-D4D0-4952-AA24-0DE066CF8744}.Debug|Any CPU.ActiveCfg = Debug|iPhoneSimulator
		{27F8E3A0-D4D0-4952-AA24-0DE066CF8744}.Debug|Any CPU.Build.0 = Debug|iPhoneSimulator
		{27F8E3A0-D4D0-4952-AA24-0DE066CF8744}.Debug|Any CPU.Deploy.0 = Debug|iPhoneSimulator
		{27F8E3A0-D4D0-4952-AA24-0DE066CF8744}.Debug|ARM.ActiveCfg = Debug|iPhone
		{27F8E3A0-D4D0-4952-AA24-0DE066CF8744}.Debug|ARM.Build.0 = Debug|iPhone
		{27F8E3A0-D4D0-4952-AA24-0DE066CF8744}.Debug|ARM.Deploy.0 = Debug|iPhone
		{27F8E3A0-D4D0-4952-AA24-0DE066CF8744}.Debug|iPhone.ActiveCfg = Debug|iPhone
		{27F8E3A0-D4D0-4952-AA24-0DE066CF8744}.Debug|iPhone.Build.0 = Debug|iPhone
		{27F8E3A0-D4D0-4952-AA24-0DE066CF8744}.Debug|iPhone.Deploy.0 = Debug|iPhone
		{27F8E3A0-D4D0-4952-AA24-0DE066CF8744}.Debug|iPhoneSimulator.ActiveCfg = Debug|iPhoneSimulator
		{27F8E3A0-D4D0-4952-AA24-0DE066CF8744}.Debug|iPhoneSimulator.Build.0 = Debug|iPhoneSimulator
		{27F8E3A0-D4D0-4952-AA24-0DE066CF8744}.Debug|iPhoneSimulator.Deploy.0 = Debug|iPhoneSimulator
		{27F8E3A0-D4D0-4952-AA24-0DE066CF8744}.Debug|x64.ActiveCfg = Debug|iPhoneSimulator
		{27F8E3A0-D4D0-4952-AA24-0DE066CF8744}.Debug|x64.Build.0 = Debug|iPhoneSimulator
		{27F8E3A0-D4D0-4952-AA24-0DE066CF8744}.Debug|x64.Deploy.0 = Debug|iPhoneSimulator
		{27F8E3A0-D4D0-4952-AA24-0DE066CF8744}.Debug|x86.ActiveCfg = Debug|iPhoneSimulator
		{27F8E3A0-D4D0-4952-AA24-0DE066CF8744}.Debug|x86.Build.0 = Debug|iPhoneSimulator
		{27F8E3A0-D4D0-4952-AA24-0DE066CF8744}.Debug|x86.Deploy.0 = Debug|iPhoneSimulator
		{27F8E3A0-D4D0-4952-AA24-0DE066CF8744}.Release|Any CPU.ActiveCfg = Release|iPhoneSimulator
		{27F8E3A0-D4D0-4952-AA24-0DE066CF8744}.Release|Any CPU.Build.0 = Release|iPhoneSimulator
		{27F8E3A0-D4D0-4952-AA24-0DE066CF8744}.Release|Any CPU.Deploy.0 = Release|iPhoneSimulator
		{27F8E3A0-D4D0-4952-AA24-0DE066CF8744}.Release|ARM.ActiveCfg = Release|iPhoneSimulator
		{27F8E3A0-D4D0-4952-AA24-0DE066CF8744}.Release|ARM.Build.0 = Release|iPhoneSimulator
		{27F8E3A0-D4D0-4952-AA24-0DE066CF8744}.Release|ARM.Deploy.0 = Release|iPhoneSimulator
		{27F8E3A0-D4D0-4952-AA24-0DE066CF8744}.Release|iPhone.ActiveCfg = Release|iPhone
		{27F8E3A0-D4D0-4952-AA24-0DE066CF8744}.Release|iPhone.Build.0 = Release|iPhone
		{27F8E3A0-D4D0-4952-AA24-0DE066CF8744}.Release|iPhone.Deploy.0 = Release|iPhone
		{27F8E3A0-D4D0-4952-AA24-0DE066CF8744}.Release|iPhoneSimulator.ActiveCfg = Release|iPhoneSimulator
		{27F8E3A0-D4D0-4952-AA24-0DE066CF8744}.Release|iPhoneSimulator.Build.0 = Release|iPhoneSimulator
		{27F8E3A0-D4D0-4952-AA24-0DE066CF8744}.Release|iPhoneSimulator.Deploy.0 = Release|iPhoneSimulator
		{27F8E3A0-D4D0-4952-AA24-0DE066CF8744}.Release|x64.ActiveCfg = Release|iPhoneSimulator
		{27F8E3A0-D4D0-4952-AA24-0DE066CF8744}.Release|x64.Build.0 = Release|iPhoneSimulator
		{27F8E3A0-D4D0-4952-AA24-0DE066CF8744}.Release|x64.Deploy.0 = Release|iPhoneSimulator
		{27F8E3A0-D4D0-4952-AA24-0DE066CF8744}.Release|x86.ActiveCfg = Release|iPhoneSimulator
		{27F8E3A0-D4D0-4952-AA24-0DE066CF8744}.Release|x86.Build.0 = Release|iPhoneSimulator
		{27F8E3A0-D4D0-4952-AA24-0DE066CF8744}.Release|x86.Deploy.0 = Release|iPhoneSimulator
		{C68F94AE-6306-4A6A-B82F-B3265BD24AC7}.Debug|Any CPU.ActiveCfg = Debug|Any CPU
		{C68F94AE-6306-4A6A-B82F-B3265BD24AC7}.Debug|Any CPU.Build.0 = Debug|Any CPU
		{C68F94AE-6306-4A6A-B82F-B3265BD24AC7}.Debug|Any CPU.Deploy.0 = Debug|Any CPU
		{C68F94AE-6306-4A6A-B82F-B3265BD24AC7}.Debug|ARM.ActiveCfg = Debug|Any CPU
		{C68F94AE-6306-4A6A-B82F-B3265BD24AC7}.Debug|ARM.Build.0 = Debug|Any CPU
		{C68F94AE-6306-4A6A-B82F-B3265BD24AC7}.Debug|ARM.Deploy.0 = Debug|Any CPU
		{C68F94AE-6306-4A6A-B82F-B3265BD24AC7}.Debug|iPhone.ActiveCfg = Debug|Any CPU
		{C68F94AE-6306-4A6A-B82F-B3265BD24AC7}.Debug|iPhone.Build.0 = Debug|Any CPU
		{C68F94AE-6306-4A6A-B82F-B3265BD24AC7}.Debug|iPhone.Deploy.0 = Debug|Any CPU
		{C68F94AE-6306-4A6A-B82F-B3265BD24AC7}.Debug|iPhoneSimulator.ActiveCfg = Debug|Any CPU
		{C68F94AE-6306-4A6A-B82F-B3265BD24AC7}.Debug|iPhoneSimulator.Build.0 = Debug|Any CPU
		{C68F94AE-6306-4A6A-B82F-B3265BD24AC7}.Debug|iPhoneSimulator.Deploy.0 = Debug|Any CPU
		{C68F94AE-6306-4A6A-B82F-B3265BD24AC7}.Debug|x64.ActiveCfg = Debug|Any CPU
		{C68F94AE-6306-4A6A-B82F-B3265BD24AC7}.Debug|x64.Build.0 = Debug|Any CPU
		{C68F94AE-6306-4A6A-B82F-B3265BD24AC7}.Debug|x64.Deploy.0 = Debug|Any CPU
		{C68F94AE-6306-4A6A-B82F-B3265BD24AC7}.Debug|x86.ActiveCfg = Debug|Any CPU
		{C68F94AE-6306-4A6A-B82F-B3265BD24AC7}.Debug|x86.Build.0 = Debug|Any CPU
		{C68F94AE-6306-4A6A-B82F-B3265BD24AC7}.Debug|x86.Deploy.0 = Debug|Any CPU
		{C68F94AE-6306-4A6A-B82F-B3265BD24AC7}.Release|Any CPU.ActiveCfg = Release|Any CPU
		{C68F94AE-6306-4A6A-B82F-B3265BD24AC7}.Release|Any CPU.Build.0 = Release|Any CPU
		{C68F94AE-6306-4A6A-B82F-B3265BD24AC7}.Release|Any CPU.Deploy.0 = Release|Any CPU
		{C68F94AE-6306-4A6A-B82F-B3265BD24AC7}.Release|ARM.ActiveCfg = Release|Any CPU
		{C68F94AE-6306-4A6A-B82F-B3265BD24AC7}.Release|ARM.Build.0 = Release|Any CPU
		{C68F94AE-6306-4A6A-B82F-B3265BD24AC7}.Release|ARM.Deploy.0 = Release|Any CPU
		{C68F94AE-6306-4A6A-B82F-B3265BD24AC7}.Release|iPhone.ActiveCfg = Release|Any CPU
		{C68F94AE-6306-4A6A-B82F-B3265BD24AC7}.Release|iPhone.Build.0 = Release|Any CPU
		{C68F94AE-6306-4A6A-B82F-B3265BD24AC7}.Release|iPhone.Deploy.0 = Release|Any CPU
		{C68F94AE-6306-4A6A-B82F-B3265BD24AC7}.Release|iPhoneSimulator.ActiveCfg = Release|Any CPU
		{C68F94AE-6306-4A6A-B82F-B3265BD24AC7}.Release|iPhoneSimulator.Build.0 = Release|Any CPU
		{C68F94AE-6306-4A6A-B82F-B3265BD24AC7}.Release|iPhoneSimulator.Deploy.0 = Release|Any CPU
		{C68F94AE-6306-4A6A-B82F-B3265BD24AC7}.Release|x64.ActiveCfg = Release|Any CPU
		{C68F94AE-6306-4A6A-B82F-B3265BD24AC7}.Release|x64.Build.0 = Release|Any CPU
		{C68F94AE-6306-4A6A-B82F-B3265BD24AC7}.Release|x64.Deploy.0 = Release|Any CPU
		{C68F94AE-6306-4A6A-B82F-B3265BD24AC7}.Release|x86.ActiveCfg = Release|Any CPU
		{C68F94AE-6306-4A6A-B82F-B3265BD24AC7}.Release|x86.Build.0 = Release|Any CPU
		{C68F94AE-6306-4A6A-B82F-B3265BD24AC7}.Release|x86.Deploy.0 = Release|Any CPU
	EndGlobalSection
	GlobalSection(SolutionProperties) = preSolution
		HideSolutionNode = FALSE
	EndGlobalSection
	GlobalSection(ExtensibilityGlobals) = postSolution
		SolutionGuid = {34D20D34-8595-4F52-AC1E-1C70DE5550C3}
	EndGlobalSection
EndGlobal
